
Microsoft Visual Studio Solution File, Format Version 12.00
# Visual Studio 15
VisualStudioVersion = 15.0.28010.2046
MinimumVisualStudioVersion = 10.0.40219.1
Project("{FAE04EC0-301F-11D3-BF4B-00C04F79EFBC}") = "Market_Watch_Solo.Android", "Market_Watch_Solo\Market_Watch_Solo.Android\Market_Watch_Solo.Android.csproj", "{B6E5435D-484E-4966-8822-573930870F95}"
EndProject
Project("{FAE04EC0-301F-11D3-BF4B-00C04F79EFBC}") = "Market_Watch_Solo.iOS", "Market_Watch_Solo\Market_Watch_Solo.iOS\Market_Watch_Solo.iOS.csproj", "{DD50CF04-A96E-4C80-8B9C-401ED0C982C0}"
EndProject
Project("{FAE04EC0-301F-11D3-BF4B-00C04F79EFBC}") = "Market_Watch_Solo", "Market_Watch_Solo\Market_Watch_Solo\Market_Watch_Solo.csproj", "{D2BF08B5-5AFC-4385-9BEE-9B5383FC516A}"
EndProject
Global
	GlobalSection(SolutionConfigurationPlatforms) = preSolution
		Ad-Hoc|Any CPU = Ad-Hoc|Any CPU
		Ad-Hoc|iPhone = Ad-Hoc|iPhone
		Ad-Hoc|iPhoneSimulator = Ad-Hoc|iPhoneSimulator
		AppStore|Any CPU = AppStore|Any CPU
		AppStore|iPhone = AppStore|iPhone
		AppStore|iPhoneSimulator = AppStore|iPhoneSimulator
		Debug|Any CPU = Debug|Any CPU
		Debug|iPhone = Debug|iPhone
		Debug|iPhoneSimulator = Debug|iPhoneSimulator
		Release|Any CPU = Release|Any CPU
		Release|iPhone = Release|iPhone
		Release|iPhoneSimulator = Release|iPhoneSimulator
	EndGlobalSection
	GlobalSection(ProjectConfigurationPlatforms) = postSolution
		{B6E5435D-484E-4966-8822-573930870F95}.Ad-Hoc|Any CPU.ActiveCfg = Release|Any CPU
		{B6E5435D-484E-4966-8822-573930870F95}.Ad-Hoc|Any CPU.Build.0 = Release|Any CPU
		{B6E5435D-484E-4966-8822-573930870F95}.Ad-Hoc|Any CPU.Deploy.0 = Release|Any CPU
		{B6E5435D-484E-4966-8822-573930870F95}.Ad-Hoc|iPhone.ActiveCfg = Release|Any CPU
		{B6E5435D-484E-4966-8822-573930870F95}.Ad-Hoc|iPhone.Build.0 = Release|Any CPU
		{B6E5435D-484E-4966-8822-573930870F95}.Ad-Hoc|iPhone.Deploy.0 = Release|Any CPU
		{B6E5435D-484E-4966-8822-573930870F95}.Ad-Hoc|iPhoneSimulator.ActiveCfg = Release|Any CPU
		{B6E5435D-484E-4966-8822-573930870F95}.Ad-Hoc|iPhoneSimulator.Build.0 = Release|Any CPU
		{B6E5435D-484E-4966-8822-573930870F95}.Ad-Hoc|iPhoneSimulator.Deploy.0 = Release|Any CPU
		{B6E5435D-484E-4966-8822-573930870F95}.AppStore|Any CPU.ActiveCfg = Release|Any CPU
		{B6E5435D-484E-4966-8822-573930870F95}.AppStore|Any CPU.Build.0 = Release|Any CPU
		{B6E5435D-484E-4966-8822-573930870F95}.AppStore|Any CPU.Deploy.0 = Release|Any CPU
		{B6E5435D-484E-4966-8822-573930870F95}.AppStore|iPhone.ActiveCfg = Release|Any CPU
		{B6E5435D-484E-4966-8822-573930870F95}.AppStore|iPhone.Build.0 = Release|Any CPU
		{B6E5435D-484E-4966-8822-573930870F95}.AppStore|iPhone.Deploy.0 = Release|Any CPU
		{B6E5435D-484E-4966-8822-573930870F95}.AppStore|iPhoneSimulator.ActiveCfg = Release|Any CPU
		{B6E5435D-484E-4966-8822-573930870F95}.AppStore|iPhoneSimulator.Build.0 = Release|Any CPU
		{B6E5435D-484E-4966-8822-573930870F95}.AppStore|iPhoneSimulator.Deploy.0 = Release|Any CPU
		{B6E5435D-484E-4966-8822-573930870F95}.Debug|Any CPU.ActiveCfg = Debug|Any CPU
		{B6E5435D-484E-4966-8822-573930870F95}.Debug|Any CPU.Build.0 = Debug|Any CPU
		{B6E5435D-484E-4966-8822-573930870F95}.Debug|Any CPU.Deploy.0 = Debug|Any CPU
		{B6E5435D-484E-4966-8822-573930870F95}.Debug|iPhone.ActiveCfg = Debug|Any CPU
		{B6E5435D-484E-4966-8822-573930870F95}.Debug|iPhone.Build.0 = Debug|Any CPU
		{B6E5435D-484E-4966-8822-573930870F95}.Debug|iPhone.Deploy.0 = Debug|Any CPU
		{B6E5435D-484E-4966-8822-573930870F95}.Debug|iPhoneSimulator.ActiveCfg = Debug|Any CPU
		{B6E5435D-484E-4966-8822-573930870F95}.Debug|iPhoneSimulator.Build.0 = Debug|Any CPU
		{B6E5435D-484E-4966-8822-573930870F95}.Debug|iPhoneSimulator.Deploy.0 = Debug|Any CPU
		{B6E5435D-484E-4966-8822-573930870F95}.Release|Any CPU.ActiveCfg = Release|Any CPU
		{B6E5435D-484E-4966-8822-573930870F95}.Release|Any CPU.Build.0 = Release|Any CPU
		{B6E5435D-484E-4966-8822-573930870F95}.Release|Any CPU.Deploy.0 = Release|Any CPU
		{B6E5435D-484E-4966-8822-573930870F95}.Release|iPhone.ActiveCfg = Release|Any CPU
		{B6E5435D-484E-4966-8822-573930870F95}.Release|iPhone.Build.0 = Release|Any CPU
		{B6E5435D-484E-4966-8822-573930870F95}.Release|iPhone.Deploy.0 = Release|Any CPU
		{B6E5435D-484E-4966-8822-573930870F95}.Release|iPhoneSimulator.ActiveCfg = Release|Any CPU
		{B6E5435D-484E-4966-8822-573930870F95}.Release|iPhoneSimulator.Build.0 = Release|Any CPU
		{B6E5435D-484E-4966-8822-573930870F95}.Release|iPhoneSimulator.Deploy.0 = Release|Any CPU
		{DD50CF04-A96E-4C80-8B9C-401ED0C982C0}.Ad-Hoc|Any CPU.ActiveCfg = Ad-Hoc|iPhone
		{DD50CF04-A96E-4C80-8B9C-401ED0C982C0}.Ad-Hoc|Any CPU.Build.0 = Ad-Hoc|iPhone
		{DD50CF04-A96E-4C80-8B9C-401ED0C982C0}.Ad-Hoc|Any CPU.Deploy.0 = Ad-Hoc|iPhone
		{DD50CF04-A96E-4C80-8B9C-401ED0C982C0}.Ad-Hoc|iPhone.ActiveCfg = Ad-Hoc|iPhone
		{DD50CF04-A96E-4C80-8B9C-401ED0C982C0}.Ad-Hoc|iPhone.Build.0 = Ad-Hoc|iPhone
		{DD50CF04-A96E-4C80-8B9C-401ED0C982C0}.Ad-Hoc|iPhone.Deploy.0 = Ad-Hoc|iPhone
		{DD50CF04-A96E-4C80-8B9C-401ED0C982C0}.Ad-Hoc|iPhoneSimulator.ActiveCfg = Ad-Hoc|iPhoneSimulator
		{DD50CF04-A96E-4C80-8B9C-401ED0C982C0}.Ad-Hoc|iPhoneSimulator.Build.0 = Ad-Hoc|iPhoneSimulator
		{DD50CF04-A96E-4C80-8B9C-401ED0C982C0}.Ad-Hoc|iPhoneSimulator.Deploy.0 = Ad-Hoc|iPhoneSimulator
		{DD50CF04-A96E-4C80-8B9C-401ED0C982C0}.AppStore|Any CPU.ActiveCfg = AppStore|iPhone
		{DD50CF04-A96E-4C80-8B9C-401ED0C982C0}.AppStore|Any CPU.Build.0 = AppStore|iPhone
		{DD50CF04-A96E-4C80-8B9C-401ED0C982C0}.AppStore|Any CPU.Deploy.0 = AppStore|iPhone
		{DD50CF04-A96E-4C80-8B9C-401ED0C982C0}.AppStore|iPhone.ActiveCfg = AppStore|iPhone
		{DD50CF04-A96E-4C80-8B9C-401ED0C982C0}.AppStore|iPhone.Build.0 = AppStore|iPhone
		{DD50CF04-A96E-4C80-8B9C-401ED0C982C0}.AppStore|iPhone.Deploy.0 = AppStore|iPhone
		{DD50CF04-A96E-4C80-8B9C-401ED0C982C0}.AppStore|iPhoneSimulator.ActiveCfg = AppStore|iPhoneSimulator
		{DD50CF04-A96E-4C80-8B9C-401ED0C982C0}.AppStore|iPhoneSimulator.Build.0 = AppStore|iPhoneSimulator
		{DD50CF04-A96E-4C80-8B9C-401ED0C982C0}.AppStore|iPhoneSimulator.Deploy.0 = AppStore|iPhoneSimulator
		{DD50CF04-A96E-4C80-8B9C-401ED0C982C0}.Debug|Any CPU.ActiveCfg = Debug|iPhone
		{DD50CF04-A96E-4C80-8B9C-401ED0C982C0}.Debug|Any CPU.Build.0 = Debug|iPhone
		{DD50CF04-A96E-4C80-8B9C-401ED0C982C0}.Debug|Any CPU.Deploy.0 = Debug|iPhone
		{DD50CF04-A96E-4C80-8B9C-401ED0C982C0}.Debug|iPhone.ActiveCfg = Debug|iPhone
		{DD50CF04-A96E-4C80-8B9C-401ED0C982C0}.Debug|iPhone.Build.0 = Debug|iPhone
		{DD50CF04-A96E-4C80-8B9C-401ED0C982C0}.Debug|iPhone.Deploy.0 = Debug|iPhone
		{DD50CF04-A96E-4C80-8B9C-401ED0C982C0}.Debug|iPhoneSimulator.ActiveCfg = Debug|iPhoneSimulator
		{DD50CF04-A96E-4C80-8B9C-401ED0C982C0}.Debug|iPhoneSimulator.Build.0 = Debug|iPhoneSimulator
		{DD50CF04-A96E-4C80-8B9C-401ED0C982C0}.Debug|iPhoneSimulator.Deploy.0 = Debug|iPhoneSimulator
		{DD50CF04-A96E-4C80-8B9C-401ED0C982C0}.Release|Any CPU.ActiveCfg = Release|iPhone
		{DD50CF04-A96E-4C80-8B9C-401ED0C982C0}.Release|Any CPU.Build.0 = Release|iPhone
		{DD50CF04-A96E-4C80-8B9C-401ED0C982C0}.Release|Any CPU.Deploy.0 = Release|iPhone
		{DD50CF04-A96E-4C80-8B9C-401ED0C982C0}.Release|iPhone.ActiveCfg = Release|iPhone
		{DD50CF04-A96E-4C80-8B9C-401ED0C982C0}.Release|iPhone.Build.0 = Release|iPhone
		{DD50CF04-A96E-4C80-8B9C-401ED0C982C0}.Release|iPhone.Deploy.0 = Release|iPhone
		{DD50CF04-A96E-4C80-8B9C-401ED0C982C0}.Release|iPhoneSimulator.ActiveCfg = Release|iPhoneSimulator
		{DD50CF04-A96E-4C80-8B9C-401ED0C982C0}.Release|iPhoneSimulator.Build.0 = Release|iPhoneSimulator
		{DD50CF04-A96E-4C80-8B9C-401ED0C982C0}.Release|iPhoneSimulator.Deploy.0 = Release|iPhoneSimulator
		{D2BF08B5-5AFC-4385-9BEE-9B5383FC516A}.Ad-Hoc|Any CPU.ActiveCfg = Debug|Any CPU
		{D2BF08B5-5AFC-4385-9BEE-9B5383FC516A}.Ad-Hoc|Any CPU.Build.0 = Debug|Any CPU
		{D2BF08B5-5AFC-4385-9BEE-9B5383FC516A}.Ad-Hoc|Any CPU.Deploy.0 = Debug|Any CPU
		{D2BF08B5-5AFC-4385-9BEE-9B5383FC516A}.Ad-Hoc|iPhone.ActiveCfg = Debug|Any CPU
		{D2BF08B5-5AFC-4385-9BEE-9B5383FC516A}.Ad-Hoc|iPhone.Build.0 = Debug|Any CPU
		{D2BF08B5-5AFC-4385-9BEE-9B5383FC516A}.Ad-Hoc|iPhone.Deploy.0 = Debug|Any CPU
		{D2BF08B5-5AFC-4385-9BEE-9B5383FC516A}.Ad-Hoc|iPhoneSimulator.ActiveCfg = Debug|Any CPU
		{D2BF08B5-5AFC-4385-9BEE-9B5383FC516A}.Ad-Hoc|iPhoneSimulator.Build.0 = Debug|Any CPU
		{D2BF08B5-5AFC-4385-9BEE-9B5383FC516A}.Ad-Hoc|iPhoneSimulator.Deploy.0 = Debug|Any CPU
		{D2BF08B5-5AFC-4385-9BEE-9B5383FC516A}.AppStore|Any CPU.ActiveCfg = Debug|Any CPU
		{D2BF08B5-5AFC-4385-9BEE-9B5383FC516A}.AppStore|Any CPU.Build.0 = Debug|Any CPU
		{D2BF08B5-5AFC-4385-9BEE-9B5383FC516A}.AppStore|Any CPU.Deploy.0 = Debug|Any CPU
		{D2BF08B5-5AFC-4385-9BEE-9B5383FC516A}.AppStore|iPhone.ActiveCfg = Debug|Any CPU
		{D2BF08B5-5AFC-4385-9BEE-9B5383FC516A}.AppStore|iPhone.Build.0 = Debug|Any CPU
		{D2BF08B5-5AFC-4385-9BEE-9B5383FC516A}.AppStore|iPhone.Deploy.0 = Debug|Any CPU
		{D2BF08B5-5AFC-4385-9BEE-9B5383FC516A}.AppStore|iPhoneSimulator.ActiveCfg = Debug|Any CPU
		{D2BF08B5-5AFC-4385-9BEE-9B5383FC516A}.AppStore|iPhoneSimulator.Build.0 = Debug|Any CPU
		{D2BF08B5-5AFC-4385-9BEE-9B5383FC516A}.AppStore|iPhoneSimulator.Deploy.0 = Debug|Any CPU
		{D2BF08B5-5AFC-4385-9BEE-9B5383FC516A}.Debug|Any CPU.ActiveCfg = Debug|Any CPU
		{D2BF08B5-5AFC-4385-9BEE-9B5383FC516A}.Debug|Any CPU.Build.0 = Debug|Any CPU
		{D2BF08B5-5AFC-4385-9BEE-9B5383FC516A}.Debug|Any CPU.Deploy.0 = Debug|Any CPU
		{D2BF08B5-5AFC-4385-9BEE-9B5383FC516A}.Debug|iPhone.ActiveCfg = Debug|Any CPU
		{D2BF08B5-5AFC-4385-9BEE-9B5383FC516A}.Debug|iPhone.Build.0 = Debug|Any CPU
		{D2BF08B5-5AFC-4385-9BEE-9B5383FC516A}.Debug|iPhone.Deploy.0 = Debug|Any CPU
		{D2BF08B5-5AFC-4385-9BEE-9B5383FC516A}.Debug|iPhoneSimulator.ActiveCfg = Debug|Any CPU
		{D2BF08B5-5AFC-4385-9BEE-9B5383FC516A}.Debug|iPhoneSimulator.Build.0 = Debug|Any CPU
		{D2BF08B5-5AFC-4385-9BEE-9B5383FC516A}.Debug|iPhoneSimulator.Deploy.0 = Debug|Any CPU
		{D2BF08B5-5AFC-4385-9BEE-9B5383FC516A}.Release|Any CPU.ActiveCfg = Release|Any CPU
		{D2BF08B5-5AFC-4385-9BEE-9B5383FC516A}.Release|Any CPU.Build.0 = Release|Any CPU
		{D2BF08B5-5AFC-4385-9BEE-9B5383FC516A}.Release|Any CPU.Deploy.0 = Release|Any CPU
		{D2BF08B5-5AFC-4385-9BEE-9B5383FC516A}.Release|iPhone.ActiveCfg = Release|Any CPU
		{D2BF08B5-5AFC-4385-9BEE-9B5383FC516A}.Release|iPhone.Build.0 = Release|Any CPU
		{D2BF08B5-5AFC-4385-9BEE-9B5383FC516A}.Release|iPhone.Deploy.0 = Release|Any CPU
		{D2BF08B5-5AFC-4385-9BEE-9B5383FC516A}.Release|iPhoneSimulator.ActiveCfg = Release|Any CPU
		{D2BF08B5-5AFC-4385-9BEE-9B5383FC516A}.Release|iPhoneSimulator.Build.0 = Release|Any CPU
		{D2BF08B5-5AFC-4385-9BEE-9B5383FC516A}.Release|iPhoneSimulator.Deploy.0 = Release|Any CPU
	EndGlobalSection
	GlobalSection(SolutionProperties) = preSolution
		HideSolutionNode = FALSE
	EndGlobalSection
	GlobalSection(ExtensibilityGlobals) = postSolution
		SolutionGuid = {22E68287-ED15-4150-BA75-7CD9186391A5}
	EndGlobalSection
EndGlobal
